
Microsoft Visual Studio Solution File, Format Version 12.00
# Visual Studio 15
VisualStudioVersion = 15.0.26730.8
MinimumVisualStudioVersion = 10.0.40219.1
Project("{FAE04EC0-301F-11D3-BF4B-00C04F79EFBC}") = "smalDATA", "smalDATA\smalDATA.csproj", "{9F753D57-093A-48BD-A506-E6940F068DFD}"
EndProject
Project("{FAE04EC0-301F-11D3-BF4B-00C04F79EFBC}") = "ManagerBP", "ManagerBP\ManagerBP.csproj", "{2F39EE9D-2620-4C8F-BADB-93984F057350}"
EndProject
Project("{FAE04EC0-301F-11D3-BF4B-00C04F79EFBC}") = "TestProjectBP", "TestProjectBP\TestProjectBP.csproj", "{0FEE1D2A-293D-4FDE-9F47-BE0E5171C1F1}"
EndProject
Project("{FAE04EC0-301F-11D3-BF4B-00C04F79EFBC}") = "FacebookToolsBP", "FacebookToolsBP\FacebookToolsBP.csproj", "{A2483642-524C-4D5C-ABB9-0CACC41A44E5}"
EndProject
Project("{FAE04EC0-301F-11D3-BF4B-00C04F79EFBC}") = "ToDelLibrary", "ToDelLibrary\ToDelLibrary.csproj", "{A5072F14-4A6E-47E0-B4AF-E1B3E6BC709A}"
EndProject
Project("{FAE04EC0-301F-11D3-BF4B-00C04F79EFBC}") = "InterfacesBP", "InterfacesBP\InterfacesBP.csproj", "{F2C72A74-A21B-4FEC-82F0-B2857188EE7C}"
EndProject
Project("{FAE04EC0-301F-11D3-BF4B-00C04F79EFBC}") = "DBCommunication", "DBCommunication\DBCommunication.csproj", "{D9B3DC1E-4767-4A48-A0CC-5394B1905DDD}"
EndProject
Project("{FAE04EC0-301F-11D3-BF4B-00C04F79EFBC}") = "EnumsBP", "EnumsBP\EnumsBP.csproj", "{DD4164F3-4FA9-4CE9-AFF8-9275723EB65E}"
EndProject
Global
	GlobalSection(SolutionConfigurationPlatforms) = preSolution
		Debug|Any CPU = Debug|Any CPU
		Release|Any CPU = Release|Any CPU
	EndGlobalSection
	GlobalSection(ProjectConfigurationPlatforms) = postSolution
		{9F753D57-093A-48BD-A506-E6940F068DFD}.Debug|Any CPU.ActiveCfg = Debug|Any CPU
		{9F753D57-093A-48BD-A506-E6940F068DFD}.Debug|Any CPU.Build.0 = Debug|Any CPU
		{9F753D57-093A-48BD-A506-E6940F068DFD}.Release|Any CPU.ActiveCfg = Release|Any CPU
		{9F753D57-093A-48BD-A506-E6940F068DFD}.Release|Any CPU.Build.0 = Release|Any CPU
		{2F39EE9D-2620-4C8F-BADB-93984F057350}.Debug|Any CPU.ActiveCfg = Debug|Any CPU
		{2F39EE9D-2620-4C8F-BADB-93984F057350}.Debug|Any CPU.Build.0 = Debug|Any CPU
		{2F39EE9D-2620-4C8F-BADB-93984F057350}.Release|Any CPU.ActiveCfg = Release|Any CPU
		{2F39EE9D-2620-4C8F-BADB-93984F057350}.Release|Any CPU.Build.0 = Release|Any CPU
		{0FEE1D2A-293D-4FDE-9F47-BE0E5171C1F1}.Debug|Any CPU.ActiveCfg = Debug|Any CPU
		{0FEE1D2A-293D-4FDE-9F47-BE0E5171C1F1}.Debug|Any CPU.Build.0 = Debug|Any CPU
		{0FEE1D2A-293D-4FDE-9F47-BE0E5171C1F1}.Release|Any CPU.ActiveCfg = Release|Any CPU
		{0FEE1D2A-293D-4FDE-9F47-BE0E5171C1F1}.Release|Any CPU.Build.0 = Release|Any CPU
		{A2483642-524C-4D5C-ABB9-0CACC41A44E5}.Debug|Any CPU.ActiveCfg = Debug|Any CPU
		{A2483642-524C-4D5C-ABB9-0CACC41A44E5}.Debug|Any CPU.Build.0 = Debug|Any CPU
		{A2483642-524C-4D5C-ABB9-0CACC41A44E5}.Release|Any CPU.ActiveCfg = Release|Any CPU
		{A2483642-524C-4D5C-ABB9-0CACC41A44E5}.Release|Any CPU.Build.0 = Release|Any CPU
		{A5072F14-4A6E-47E0-B4AF-E1B3E6BC709A}.Debug|Any CPU.ActiveCfg = Debug|Any CPU
		{A5072F14-4A6E-47E0-B4AF-E1B3E6BC709A}.Debug|Any CPU.Build.0 = Debug|Any CPU
		{A5072F14-4A6E-47E0-B4AF-E1B3E6BC709A}.Release|Any CPU.ActiveCfg = Release|Any CPU
		{A5072F14-4A6E-47E0-B4AF-E1B3E6BC709A}.Release|Any CPU.Build.0 = Release|Any CPU
		{F2C72A74-A21B-4FEC-82F0-B2857188EE7C}.Debug|Any CPU.ActiveCfg = Debug|Any CPU
		{F2C72A74-A21B-4FEC-82F0-B2857188EE7C}.Debug|Any CPU.Build.0 = Debug|Any CPU
		{F2C72A74-A21B-4FEC-82F0-B2857188EE7C}.Release|Any CPU.ActiveCfg = Release|Any CPU
		{F2C72A74-A21B-4FEC-82F0-B2857188EE7C}.Release|Any CPU.Build.0 = Release|Any CPU
		{D9B3DC1E-4767-4A48-A0CC-5394B1905DDD}.Debug|Any CPU.ActiveCfg = Debug|Any CPU
		{D9B3DC1E-4767-4A48-A0CC-5394B1905DDD}.Debug|Any CPU.Build.0 = Debug|Any CPU
		{D9B3DC1E-4767-4A48-A0CC-5394B1905DDD}.Release|Any CPU.ActiveCfg = Release|Any CPU
		{D9B3DC1E-4767-4A48-A0CC-5394B1905DDD}.Release|Any CPU.Build.0 = Release|Any CPU
		{DD4164F3-4FA9-4CE9-AFF8-9275723EB65E}.Debug|Any CPU.ActiveCfg = Debug|Any CPU
		{DD4164F3-4FA9-4CE9-AFF8-9275723EB65E}.Debug|Any CPU.Build.0 = Debug|Any CPU
		{DD4164F3-4FA9-4CE9-AFF8-9275723EB65E}.Release|Any CPU.ActiveCfg = Release|Any CPU
		{DD4164F3-4FA9-4CE9-AFF8-9275723EB65E}.Release|Any CPU.Build.0 = Release|Any CPU
	EndGlobalSection
	GlobalSection(SolutionProperties) = preSolution
		HideSolutionNode = FALSE
	EndGlobalSection
	GlobalSection(ExtensibilityGlobals) = postSolution
		SolutionGuid = {4E00E056-8875-4FDC-A2E3-2BA72D2F2B19}
	EndGlobalSection
EndGlobal
