
Microsoft Visual Studio Solution File, Format Version 12.00
# Visual Studio 14
VisualStudioVersion = 14.0.25123.0
MinimumVisualStudioVersion = 10.0.40219.1
Project("{FAE04EC0-301F-11D3-BF4B-00C04F79EFBC}") = "FacebookBot", "FacebookBot\FacebookBot.csproj", "{00BA58AC-EB70-431A-9C17-56073FA60554}"
EndProject
Project("{FAE04EC0-301F-11D3-BF4B-00C04F79EFBC}") = "LInterface", "LInterface\LInterface.csproj", "{B95F97A4-2C42-4934-B8E5-02DA2E157F07}"
EndProject
Global
	GlobalSection(SolutionConfigurationPlatforms) = preSolution
		Debug|Any CPU = Debug|Any CPU
		Release|Any CPU = Release|Any CPU
	EndGlobalSection
	GlobalSection(ProjectConfigurationPlatforms) = postSolution
		{00BA58AC-EB70-431A-9C17-56073FA60554}.Debug|Any CPU.ActiveCfg = Debug|Any CPU
		{00BA58AC-EB70-431A-9C17-56073FA60554}.Debug|Any CPU.Build.0 = Debug|Any CPU
		{00BA58AC-EB70-431A-9C17-56073FA60554}.Release|Any CPU.ActiveCfg = Release|Any CPU
		{00BA58AC-EB70-431A-9C17-56073FA60554}.Release|Any CPU.Build.0 = Release|Any CPU
		{B95F97A4-2C42-4934-B8E5-02DA2E157F07}.Debug|Any CPU.ActiveCfg = Debug|Any CPU
		{B95F97A4-2C42-4934-B8E5-02DA2E157F07}.Debug|Any CPU.Build.0 = Debug|Any CPU
		{B95F97A4-2C42-4934-B8E5-02DA2E157F07}.Release|Any CPU.ActiveCfg = Release|Any CPU
		{B95F97A4-2C42-4934-B8E5-02DA2E157F07}.Release|Any CPU.Build.0 = Release|Any CPU
	EndGlobalSection
	GlobalSection(SolutionProperties) = preSolution
		HideSolutionNode = FALSE
	EndGlobalSection
EndGlobal
